
Microsoft Visual Studio Solution File, Format Version 12.00
# Visual Studio Version 17
VisualStudioVersion = 17.8.34511.84
MinimumVisualStudioVersion = 10.0.40219.1
Project("{9A19103F-16F7-4668-BE54-9A1E7A4F7556}") = "Mashinin", "Mashinin\Mashinin.csproj", "{C7655437-D61B-4639-929E-686892B1C295}"
EndProject
Global
	GlobalSection(SolutionConfigurationPlatforms) = preSolution
		Debug|Any CPU = Debug|Any CPU
		Release|Any CPU = Release|Any CPU
	EndGlobalSection
	GlobalSection(ProjectConfigurationPlatforms) = postSolution
		{C7655437-D61B-4639-929E-686892B1C295}.Debug|Any CPU.ActiveCfg = Debug|Any CPU
		{C7655437-D61B-4639-929E-686892B1C295}.Debug|Any CPU.Build.0 = Debug|Any CPU
		{C7655437-D61B-4639-929E-686892B1C295}.Release|Any CPU.ActiveCfg = Release|Any CPU
		{C7655437-D61B-4639-929E-686892B1C295}.Release|Any CPU.Build.0 = Release|Any CPU
	EndGlobalSection
	GlobalSection(SolutionProperties) = preSolution
		HideSolutionNode = FALSE
	EndGlobalSection
	GlobalSection(ExtensibilityGlobals) = postSolution
		SolutionGuid = {5674E86F-CE98-4AB9-8C3D-2D6D5399A50F}
	EndGlobalSection
EndGlobal
